{
  "name": "4yi-ai-bridge",
  "version": "0.2.0",
  "lockfileVersion": 3,
  "requires": true,
  "packages": {
    "": {
      "name": "4yi-ai-bridge",
      "version": "0.2.0",
      "license": "MIT",
      "workspaces": [
        "packages/*"
      ],
      "engines": {
        "node": ">=20.0.0"
      }
    },
    "node_modules/@4yi/cli": {
      "resolved": "packages/cli",
      "link": true
    },
    "packages/cli": {
      "name": "@4yi/cli",
      "version": "0.2.0",
      "license": "MIT",
      "bin": {
        "4yi": "bin/4yi.mjs"
      },
      "engines": {
        "node": ">=20.0.0"
      }
    }
  }
}
